
Microsoft Visual Studio Solution File, Format Version 12.00
# Visual Studio 15
Project("{FAE04EC0-301F-11D3-BF4B-00C04F79EFBC}") = "Unity Code", "Unity Code.csproj", "{4B1A808C-1F4F-70E1-ABF6-10695EF949A0}"
EndProject
Project("{FAE04EC0-301F-11D3-BF4B-00C04F79EFBC}") = "Unity Code.Editor", "Unity Code.Editor.csproj", "{67E7B8DD-E8DA-0D45-6381-D516551AA5D2}"
EndProject
Global
	GlobalSection(SolutionConfigurationPlatforms) = preSolution
		Debug|Any CPU = Debug|Any CPU
		Release|Any CPU = Release|Any CPU
	EndGlobalSection
	GlobalSection(ProjectConfigurationPlatforms) = postSolution
		{4B1A808C-1F4F-70E1-ABF6-10695EF949A0}.Debug|Any CPU.ActiveCfg = Debug|Any CPU
		{4B1A808C-1F4F-70E1-ABF6-10695EF949A0}.Debug|Any CPU.Build.0 = Debug|Any CPU
		{4B1A808C-1F4F-70E1-ABF6-10695EF949A0}.Release|Any CPU.ActiveCfg = Release|Any CPU
		{4B1A808C-1F4F-70E1-ABF6-10695EF949A0}.Release|Any CPU.Build.0 = Release|Any CPU
		{67E7B8DD-E8DA-0D45-6381-D516551AA5D2}.Debug|Any CPU.ActiveCfg = Debug|Any CPU
		{67E7B8DD-E8DA-0D45-6381-D516551AA5D2}.Debug|Any CPU.Build.0 = Debug|Any CPU
		{67E7B8DD-E8DA-0D45-6381-D516551AA5D2}.Release|Any CPU.ActiveCfg = Release|Any CPU
		{67E7B8DD-E8DA-0D45-6381-D516551AA5D2}.Release|Any CPU.Build.0 = Release|Any CPU
	EndGlobalSection
	GlobalSection(SolutionProperties) = preSolution
		HideSolutionNode = FALSE
	EndGlobalSection
EndGlobal
